
Microsoft Visual Studio Solution File, Format Version 12.00
# Visual Studio Version 17
VisualStudioVersion = 17.8.34525.116
MinimumVisualStudioVersion = 10.0.40219.1
Project("{FAE04EC0-301F-11D3-BF4B-00C04F79EFBC}") = "Uge 15", "Uge 15\Uge 15.csproj", "{239EBC2C-FB7A-4E48-A36D-FCFB2BC61A33}"
EndProject
Project("{FAE04EC0-301F-11D3-BF4B-00C04F79EFBC}") = "Enums", "Enums\Enums.csproj", "{D672D54D-C930-4F30-93E9-6CDC0411CB19}"
EndProject
Global
	GlobalSection(SolutionConfigurationPlatforms) = preSolution
		Debug|Any CPU = Debug|Any CPU
		Release|Any CPU = Release|Any CPU
	EndGlobalSection
	GlobalSection(ProjectConfigurationPlatforms) = postSolution
		{239EBC2C-FB7A-4E48-A36D-FCFB2BC61A33}.Debug|Any CPU.ActiveCfg = Debug|Any CPU
		{239EBC2C-FB7A-4E48-A36D-FCFB2BC61A33}.Debug|Any CPU.Build.0 = Debug|Any CPU
		{239EBC2C-FB7A-4E48-A36D-FCFB2BC61A33}.Release|Any CPU.ActiveCfg = Release|Any CPU
		{239EBC2C-FB7A-4E48-A36D-FCFB2BC61A33}.Release|Any CPU.Build.0 = Release|Any CPU
		{D672D54D-C930-4F30-93E9-6CDC0411CB19}.Debug|Any CPU.ActiveCfg = Debug|Any CPU
		{D672D54D-C930-4F30-93E9-6CDC0411CB19}.Debug|Any CPU.Build.0 = Debug|Any CPU
		{D672D54D-C930-4F30-93E9-6CDC0411CB19}.Release|Any CPU.ActiveCfg = Release|Any CPU
		{D672D54D-C930-4F30-93E9-6CDC0411CB19}.Release|Any CPU.Build.0 = Release|Any CPU
	EndGlobalSection
	GlobalSection(SolutionProperties) = preSolution
		HideSolutionNode = FALSE
	EndGlobalSection
	GlobalSection(ExtensibilityGlobals) = postSolution
		SolutionGuid = {CD98B502-EED2-4BAB-8E96-B4840EC9E125}
	EndGlobalSection
EndGlobal
